// !$*UTF8*$!
{
	archiveVersion = 1;
	classes = {
	};
	objectVersion = 56;
	objects = {

/* Begin PBXBuildFile section */
		2C2B6BB02973949B00667CB8 /* String.swift in Sources */ = {isa = PBXBuildFile; fileRef = 2C2B6BAF2973949B00667CB8 /* String.swift */; };
		2C5521D829737006007BA86A /* AppImages.swift in Sources */ = {isa = PBXBuildFile; fileRef = 2C5521D729737006007BA86A /* AppImages.swift */; };
		2C5521DC2973728D007BA86A /* FTButton.swift in Sources */ = {isa = PBXBuildFile; fileRef = 2C5521DB2973728D007BA86A /* FTButton.swift */; };
		2C5521DE2973747E007BA86A /* UIView.swift in Sources */ = {isa = PBXBuildFile; fileRef = 2C5521DD2973747E007BA86A /* UIView.swift */; };
		2C5521E0297374C6007BA86A /* UIResponder.swift in Sources */ = {isa = PBXBuildFile; fileRef = 2C5521DF297374C6007BA86A /* UIResponder.swift */; };
		2C5521E2297374ED007BA86A /* UIViewController.swift in Sources */ = {isa = PBXBuildFile; fileRef = 2C5521E1297374ED007BA86A /* UIViewController.swift */; };
		2C5521E429737598007BA86A /* FTTextField.swift in Sources */ = {isa = PBXBuildFile; fileRef = 2C5521E329737598007BA86A /* FTTextField.swift */; };
		2C5521E629737693007BA86A /* FTAlert.swift in Sources */ = {isa = PBXBuildFile; fileRef = 2C5521E529737693007BA86A /* FTAlert.swift */; };
		2C5521E8297376AD007BA86A /* FTAlertContainerView.swift in Sources */ = {isa = PBXBuildFile; fileRef = 2C5521E7297376AD007BA86A /* FTAlertContainerView.swift */; };
		2C5521EA29737730007BA86A /* FTPrimaryTitleLabel.swift in Sources */ = {isa = PBXBuildFile; fileRef = 2C5521E929737730007BA86A /* FTPrimaryTitleLabel.swift */; };
		2C5521EC2973777F007BA86A /* FTSecondaryTitleLabel.swift in Sources */ = {isa = PBXBuildFile; fileRef = 2C5521EB2973777F007BA86A /* FTSecondaryTitleLabel.swift */; };
		2C5521EE297378B0007BA86A /* FTBodyLabel.swift in Sources */ = {isa = PBXBuildFile; fileRef = 2C5521ED297378B0007BA86A /* FTBodyLabel.swift */; };
		2C5521F2297383C5007BA86A /* BusinessDataService.swift in Sources */ = {isa = PBXBuildFile; fileRef = 2C5521F1297383C5007BA86A /* BusinessDataService.swift */; };
		2C5521F4297383FE007BA86A /* ApiConstants.swift in Sources */ = {isa = PBXBuildFile; fileRef = 2C5521F3297383FE007BA86A /* ApiConstants.swift */; };
		2C5521F729738947007BA86A /* RawServerResponse.swift in Sources */ = {isa = PBXBuildFile; fileRef = 2C5521F629738947007BA86A /* RawServerResponse.swift */; };
		2C5521F929738970007BA86A /* Business.swift in Sources */ = {isa = PBXBuildFile; fileRef = 2C5521F829738970007BA86A /* Business.swift */; };
		2C5945DB297472BE00D29423 /* BusinessInfoVC.swift in Sources */ = {isa = PBXBuildFile; fileRef = 2C5945DA297472BE00D29423 /* BusinessInfoVC.swift */; };
		2C5945DE2974845200D29423 /* BusinessInfoHeaderVC.swift in Sources */ = {isa = PBXBuildFile; fileRef = 2C5945DD2974845200D29423 /* BusinessInfoHeaderVC.swift */; };
		2C5945E029748EF500D29423 /* SFSymbols.swift in Sources */ = {isa = PBXBuildFile; fileRef = 2C5945DF29748EF500D29423 /* SFSymbols.swift */; };
		2C5945E22974964800D29423 /* Double.swift in Sources */ = {isa = PBXBuildFile; fileRef = 2C5945E12974964800D29423 /* Double.swift */; };
		2CC75D0029735FF900584F45 /* AppDelegate.swift in Sources */ = {isa = PBXBuildFile; fileRef = 2CC75CFF29735FF900584F45 /* AppDelegate.swift */; };
		2CC75D0229735FF900584F45 /* SceneDelegate.swift in Sources */ = {isa = PBXBuildFile; fileRef = 2CC75D0129735FF900584F45 /* SceneDelegate.swift */; };
		2CC75D0429735FF900584F45 /* SearchVC.swift in Sources */ = {isa = PBXBuildFile; fileRef = 2CC75D0329735FF900584F45 /* SearchVC.swift */; };
		2CC75D0929735FFB00584F45 /* Assets.xcassets in Resources */ = {isa = PBXBuildFile; fileRef = 2CC75D0829735FFB00584F45 /* Assets.xcassets */; };
		2CC75D0C29735FFB00584F45 /* LaunchScreen.storyboard in Resources */ = {isa = PBXBuildFile; fileRef = 2CC75D0A29735FFB00584F45 /* LaunchScreen.storyboard */; };
		2CC75D2E2973682500584F45 /* UIColor.swift in Sources */ = {isa = PBXBuildFile; fileRef = 2CC75D2D2973682500584F45 /* UIColor.swift */; };
		2CDD54F029739CB8000EF4BB /* BusinessListVC.swift in Sources */ = {isa = PBXBuildFile; fileRef = 2CDD54EF29739CB8000EF4BB /* BusinessListVC.swift */; };
		2CDD54F229739CCF000EF4BB /* BusinessCell.swift in Sources */ = {isa = PBXBuildFile; fileRef = 2CDD54F129739CCF000EF4BB /* BusinessCell.swift */; };
		2CDD54F429739D20000EF4BB /* FTProfileImageView.swift in Sources */ = {isa = PBXBuildFile; fileRef = 2CDD54F329739D20000EF4BB /* FTProfileImageView.swift */; };
		2CDD54F629739D47000EF4BB /* ImageDataService.swift in Sources */ = {isa = PBXBuildFile; fileRef = 2CDD54F529739D47000EF4BB /* ImageDataService.swift */; };
		2CDD54F82973A49A000EF4BB /* UIHelper.swift in Sources */ = {isa = PBXBuildFile; fileRef = 2CDD54F72973A49A000EF4BB /* UIHelper.swift */; };
		2CDD54FA2973A67B000EF4BB /* LoadableScreen.swift in Sources */ = {isa = PBXBuildFile; fileRef = 2CDD54F92973A67B000EF4BB /* LoadableScreen.swift */; };
		2CDD54FC2973A955000EF4BB /* FTEmptyStateView.swift in Sources */ = {isa = PBXBuildFile; fileRef = 2CDD54FB2973A955000EF4BB /* FTEmptyStateView.swift */; };
		2CDD54FE2973AAF0000EF4BB /* FTTabBar.swift in Sources */ = {isa = PBXBuildFile; fileRef = 2CDD54FD2973AAEF000EF4BB /* FTTabBar.swift */; };
		2CDD55012973AB38000EF4BB /* FavoriteListVC.swift in Sources */ = {isa = PBXBuildFile; fileRef = 2CDD55002973AB38000EF4BB /* FavoriteListVC.swift */; };
/* End PBXBuildFile section */

/* Begin PBXFileReference section */
		2C2B6BAF2973949B00667CB8 /* String.swift */ = {isa = PBXFileReference; lastKnownFileType = sourcecode.swift; path = String.swift; sourceTree = "<group>"; };
		2C5521D729737006007BA86A /* AppImages.swift */ = {isa = PBXFileReference; lastKnownFileType = sourcecode.swift; path = AppImages.swift; sourceTree = "<group>"; };
		2C5521DB2973728D007BA86A /* FTButton.swift */ = {isa = PBXFileReference; lastKnownFileType = sourcecode.swift; path = FTButton.swift; sourceTree = "<group>"; };
		2C5521DD2973747E007BA86A /* UIView.swift */ = {isa = PBXFileReference; lastKnownFileType = sourcecode.swift; path = UIView.swift; sourceTree = "<group>"; };
		2C5521DF297374C6007BA86A /* UIResponder.swift */ = {isa = PBXFileReference; lastKnownFileType = sourcecode.swift; path = UIResponder.swift; sourceTree = "<group>"; };
		2C5521E1297374ED007BA86A /* UIViewController.swift */ = {isa = PBXFileReference; lastKnownFileType = sourcecode.swift; path = UIViewController.swift; sourceTree = "<group>"; };
		2C5521E329737598007BA86A /* FTTextField.swift */ = {isa = PBXFileReference; lastKnownFileType = sourcecode.swift; path = FTTextField.swift; sourceTree = "<group>"; };
		2C5521E529737693007BA86A /* FTAlert.swift */ = {isa = PBXFileReference; lastKnownFileType = sourcecode.swift; path = FTAlert.swift; sourceTree = "<group>"; };
		2C5521E7297376AD007BA86A /* FTAlertContainerView.swift */ = {isa = PBXFileReference; lastKnownFileType = sourcecode.swift; path = FTAlertContainerView.swift; sourceTree = "<group>"; };
		2C5521E929737730007BA86A /* FTPrimaryTitleLabel.swift */ = {isa = PBXFileReference; lastKnownFileType = sourcecode.swift; path = FTPrimaryTitleLabel.swift; sourceTree = "<group>"; };
		2C5521EB2973777F007BA86A /* FTSecondaryTitleLabel.swift */ = {isa = PBXFileReference; lastKnownFileType = sourcecode.swift; path = FTSecondaryTitleLabel.swift; sourceTree = "<group>"; };
		2C5521ED297378B0007BA86A /* FTBodyLabel.swift */ = {isa = PBXFileReference; lastKnownFileType = sourcecode.swift; path = FTBodyLabel.swift; sourceTree = "<group>"; };
		2C5521F1297383C5007BA86A /* BusinessDataService.swift */ = {isa = PBXFileReference; lastKnownFileType = sourcecode.swift; path = BusinessDataService.swift; sourceTree = "<group>"; };
		2C5521F3297383FE007BA86A /* ApiConstants.swift */ = {isa = PBXFileReference; lastKnownFileType = sourcecode.swift; path = ApiConstants.swift; sourceTree = "<group>"; };
		2C5521F629738947007BA86A /* RawServerResponse.swift */ = {isa = PBXFileReference; lastKnownFileType = sourcecode.swift; path = RawServerResponse.swift; sourceTree = "<group>"; };
		2C5521F829738970007BA86A /* Business.swift */ = {isa = PBXFileReference; lastKnownFileType = sourcecode.swift; path = Business.swift; sourceTree = "<group>"; };
		2C5945DA297472BE00D29423 /* BusinessInfoVC.swift */ = {isa = PBXFileReference; lastKnownFileType = sourcecode.swift; path = BusinessInfoVC.swift; sourceTree = "<group>"; };
		2C5945DD2974845200D29423 /* BusinessInfoHeaderVC.swift */ = {isa = PBXFileReference; lastKnownFileType = sourcecode.swift; path = BusinessInfoHeaderVC.swift; sourceTree = "<group>"; };
		2C5945DF29748EF500D29423 /* SFSymbols.swift */ = {isa = PBXFileReference; lastKnownFileType = sourcecode.swift; path = SFSymbols.swift; sourceTree = "<group>"; };
		2C5945E12974964800D29423 /* Double.swift */ = {isa = PBXFileReference; lastKnownFileType = sourcecode.swift; path = Double.swift; sourceTree = "<group>"; };
		2CC75CFC29735FF900584F45 /* FlavorTrack.app */ = {isa = PBXFileReference; explicitFileType = wrapper.application; includeInIndex = 0; path = FlavorTrack.app; sourceTree = BUILT_PRODUCTS_DIR; };
		2CC75CFF29735FF900584F45 /* AppDelegate.swift */ = {isa = PBXFileReference; lastKnownFileType = sourcecode.swift; path = AppDelegate.swift; sourceTree = "<group>"; };
		2CC75D0129735FF900584F45 /* SceneDelegate.swift */ = {isa = PBXFileReference; lastKnownFileType = sourcecode.swift; path = SceneDelegate.swift; sourceTree = "<group>"; };
		2CC75D0329735FF900584F45 /* SearchVC.swift */ = {isa = PBXFileReference; lastKnownFileType = sourcecode.swift; path = SearchVC.swift; sourceTree = "<group>"; };
		2CC75D0829735FFB00584F45 /* Assets.xcassets */ = {isa = PBXFileReference; lastKnownFileType = folder.assetcatalog; path = Assets.xcassets; sourceTree = "<group>"; };
		2CC75D0B29735FFB00584F45 /* Base */ = {isa = PBXFileReference; lastKnownFileType = file.storyboard; name = Base; path = Base.lproj/LaunchScreen.storyboard; sourceTree = "<group>"; };
		2CC75D0D29735FFB00584F45 /* Info.plist */ = {isa = PBXFileReference; lastKnownFileType = text.plist.xml; path = Info.plist; sourceTree = "<group>"; };
		2CC75D2D2973682500584F45 /* UIColor.swift */ = {isa = PBXFileReference; lastKnownFileType = sourcecode.swift; path = UIColor.swift; sourceTree = "<group>"; };
		2CDD54EF29739CB8000EF4BB /* BusinessListVC.swift */ = {isa = PBXFileReference; lastKnownFileType = sourcecode.swift; path = BusinessListVC.swift; sourceTree = "<group>"; };
		2CDD54F129739CCF000EF4BB /* BusinessCell.swift */ = {isa = PBXFileReference; lastKnownFileType = sourcecode.swift; path = BusinessCell.swift; sourceTree = "<group>"; };
		2CDD54F329739D20000EF4BB /* FTProfileImageView.swift */ = {isa = PBXFileReference; lastKnownFileType = sourcecode.swift; path = FTProfileImageView.swift; sourceTree = "<group>"; };
		2CDD54F529739D47000EF4BB /* ImageDataService.swift */ = {isa = PBXFileReference; lastKnownFileType = sourcecode.swift; path = ImageDataService.swift; sourceTree = "<group>"; };
		2CDD54F72973A49A000EF4BB /* UIHelper.swift */ = {isa = PBXFileReference; lastKnownFileType = sourcecode.swift; path = UIHelper.swift; sourceTree = "<group>"; };
		2CDD54F92973A67B000EF4BB /* LoadableScreen.swift */ = {isa = PBXFileReference; lastKnownFileType = sourcecode.swift; path = LoadableScreen.swift; sourceTree = "<group>"; };
		2CDD54FB2973A955000EF4BB /* FTEmptyStateView.swift */ = {isa = PBXFileReference; lastKnownFileType = sourcecode.swift; path = FTEmptyStateView.swift; sourceTree = "<group>"; };
		2CDD54FD2973AAEF000EF4BB /* FTTabBar.swift */ = {isa = PBXFileReference; lastKnownFileType = sourcecode.swift; path = FTTabBar.swift; sourceTree = "<group>"; };
		2CDD55002973AB38000EF4BB /* FavoriteListVC.swift */ = {isa = PBXFileReference; lastKnownFileType = sourcecode.swift; path = FavoriteListVC.swift; sourceTree = "<group>"; };
/* End PBXFileReference section */

/* Begin PBXFrameworksBuildPhase section */
		2CC75CF929735FF900584F45 /* Frameworks */ = {
			isa = PBXFrameworksBuildPhase;
			buildActionMask = 2147483647;
			files = (
			);
			runOnlyForDeploymentPostprocessing = 0;
		};
/* End PBXFrameworksBuildPhase section */

/* Begin PBXGroup section */
		2C5521D92973717B007BA86A /* Utilities */ = {
			isa = PBXGroup;
			children = (
				2C5521D729737006007BA86A /* AppImages.swift */,
				2CDD54F72973A49A000EF4BB /* UIHelper.swift */,
				2C5945DF29748EF500D29423 /* SFSymbols.swift */,
			);
			path = Utilities;
			sourceTree = "<group>";
		};
		2C5521DA2973726E007BA86A /* Views */ = {
			isa = PBXGroup;
			children = (
				2C5521DB2973728D007BA86A /* FTButton.swift */,
				2C5521E329737598007BA86A /* FTTextField.swift */,
				2C5521E529737693007BA86A /* FTAlert.swift */,
				2C5521E7297376AD007BA86A /* FTAlertContainerView.swift */,
				2C5521E929737730007BA86A /* FTPrimaryTitleLabel.swift */,
				2C5521EB2973777F007BA86A /* FTSecondaryTitleLabel.swift */,
				2C5521ED297378B0007BA86A /* FTBodyLabel.swift */,
				2CDD54F329739D20000EF4BB /* FTProfileImageView.swift */,
				2CDD54FB2973A955000EF4BB /* FTEmptyStateView.swift */,
				2CDD54FD2973AAEF000EF4BB /* FTTabBar.swift */,
			);
			path = Views;
			sourceTree = "<group>";
		};
		2C5521F0297383B9007BA86A /* Services */ = {
			isa = PBXGroup;
			children = (
				2C5521F1297383C5007BA86A /* BusinessDataService.swift */,
				2CDD54F529739D47000EF4BB /* ImageDataService.swift */,
				2C5521F3297383FE007BA86A /* ApiConstants.swift */,
			);
			path = Services;
			sourceTree = "<group>";
		};
		2C5521F52973893C007BA86A /* Models */ = {
			isa = PBXGroup;
			children = (
				2C5521F629738947007BA86A /* RawServerResponse.swift */,
				2C5521F829738970007BA86A /* Business.swift */,
			);
			path = Models;
			sourceTree = "<group>";
		};
		2C5945D92974729E00D29423 /* BusinessInfoVC */ = {
			isa = PBXGroup;
			children = (
				2C5945DA297472BE00D29423 /* BusinessInfoVC.swift */,
				2C5945DC2974842700D29423 /* Components */,
			);
			path = BusinessInfoVC;
			sourceTree = "<group>";
		};
		2C5945DC2974842700D29423 /* Components */ = {
			isa = PBXGroup;
			children = (
				2C5945DD2974845200D29423 /* BusinessInfoHeaderVC.swift */,
			);
			path = Components;
			sourceTree = "<group>";
		};
		2CC75CF329735FF900584F45 = {
			isa = PBXGroup;
			children = (
				2CC75CFE29735FF900584F45 /* FlavorTrack */,
				2CC75CFD29735FF900584F45 /* Products */,
			);
			sourceTree = "<group>";
		};
		2CC75CFD29735FF900584F45 /* Products */ = {
			isa = PBXGroup;
			children = (
				2CC75CFC29735FF900584F45 /* FlavorTrack.app */,
			);
			name = Products;
			sourceTree = "<group>";
		};
		2CC75CFE29735FF900584F45 /* FlavorTrack */ = {
			isa = PBXGroup;
			children = (
				2C5521F0297383B9007BA86A /* Services */,
				2C5521F52973893C007BA86A /* Models */,
				2CC75D3029736C7A00584F45 /* Core */,
				2CC75D2F29736C7400584F45 /* Extensions */,
				2C5521D92973717B007BA86A /* Utilities */,
				2CC75D0829735FFB00584F45 /* Assets.xcassets */,
				2CC75D0A29735FFB00584F45 /* LaunchScreen.storyboard */,
				2CC75D0D29735FFB00584F45 /* Info.plist */,
				2CC75CFF29735FF900584F45 /* AppDelegate.swift */,
				2CC75D0129735FF900584F45 /* SceneDelegate.swift */,
			);
			path = FlavorTrack;
			sourceTree = "<group>";
		};
		2CC75D2F29736C7400584F45 /* Extensions */ = {
			isa = PBXGroup;
			children = (
				2CDD54F92973A67B000EF4BB /* LoadableScreen.swift */,
				2CC75D2D2973682500584F45 /* UIColor.swift */,
				2C5521DD2973747E007BA86A /* UIView.swift */,
				2C5521DF297374C6007BA86A /* UIResponder.swift */,
				2C5521E1297374ED007BA86A /* UIViewController.swift */,
				2C2B6BAF2973949B00667CB8 /* String.swift */,
				2C5945E12974964800D29423 /* Double.swift */,
			);
			path = Extensions;
			sourceTree = "<group>";
		};
		2CC75D3029736C7A00584F45 /* Core */ = {
			isa = PBXGroup;
			children = (
				2C5521DA2973726E007BA86A /* Views */,
				2CC75D3129736C8200584F45 /* Search */,
				2CDD54EE29739C7E000EF4BB /* Business List */,
				2C5945D92974729E00D29423 /* BusinessInfoVC */,
				2CDD54FF2973AB24000EF4BB /* Favorite List */,
			);
			path = Core;
			sourceTree = "<group>";
		};
		2CC75D3129736C8200584F45 /* Search */ = {
			isa = PBXGroup;
			children = (
				2CC75D0329735FF900584F45 /* SearchVC.swift */,
			);
			path = Search;
			sourceTree = "<group>";
		};
		2CDD54EE29739C7E000EF4BB /* Business List */ = {
			isa = PBXGroup;
			children = (
				2CDD54EF29739CB8000EF4BB /* BusinessListVC.swift */,
				2CDD54F129739CCF000EF4BB /* BusinessCell.swift */,
			);
			path = "Business List";
			sourceTree = "<group>";
		};
		2CDD54FF2973AB24000EF4BB /* Favorite List */ = {
			isa = PBXGroup;
			children = (
				2CDD55002973AB38000EF4BB /* FavoriteListVC.swift */,
			);
			path = "Favorite List";
			sourceTree = "<group>";
		};
/* End PBXGroup section */

/* Begin PBXNativeTarget section */
		2CC75CFB29735FF900584F45 /* FlavorTrack */ = {
			isa = PBXNativeTarget;
			buildConfigurationList = 2CC75D1029735FFB00584F45 /* Build configuration list for PBXNativeTarget "FlavorTrack" */;
			buildPhases = (
				2CC75CF829735FF900584F45 /* Sources */,
				2CC75CF929735FF900584F45 /* Frameworks */,
				2CC75CFA29735FF900584F45 /* Resources */,
			);
			buildRules = (
			);
			dependencies = (
			);
			name = FlavorTrack;
			productName = FlavorTrack;
			productReference = 2CC75CFC29735FF900584F45 /* FlavorTrack.app */;
			productType = "com.apple.product-type.application";
		};
/* End PBXNativeTarget section */

/* Begin PBXProject section */
		2CC75CF429735FF900584F45 /* Project object */ = {
			isa = PBXProject;
			attributes = {
				BuildIndependentTargetsInParallel = 1;
				LastSwiftUpdateCheck = 1420;
				LastUpgradeCheck = 1420;
				TargetAttributes = {
					2CC75CFB29735FF900584F45 = {
						CreatedOnToolsVersion = 14.2;
					};
				};
			};
			buildConfigurationList = 2CC75CF729735FF900584F45 /* Build configuration list for PBXProject "FlavorTrack" */;
			compatibilityVersion = "Xcode 14.0";
			developmentRegion = en;
			hasScannedForEncodings = 0;
			knownRegions = (
				en,
				Base,
			);
			mainGroup = 2CC75CF329735FF900584F45;
			productRefGroup = 2CC75CFD29735FF900584F45 /* Products */;
			projectDirPath = "";
			projectRoot = "";
			targets = (
				2CC75CFB29735FF900584F45 /* FlavorTrack */,
			);
		};
/* End PBXProject section */

/* Begin PBXResourcesBuildPhase section */
		2CC75CFA29735FF900584F45 /* Resources */ = {
			isa = PBXResourcesBuildPhase;
			buildActionMask = 2147483647;
			files = (
				2CC75D0C29735FFB00584F45 /* LaunchScreen.storyboard in Resources */,
				2CC75D0929735FFB00584F45 /* Assets.xcassets in Resources */,
			);
			runOnlyForDeploymentPostprocessing = 0;
		};
/* End PBXResourcesBuildPhase section */

/* Begin PBXSourcesBuildPhase section */
		2CC75CF829735FF900584F45 /* Sources */ = {
			isa = PBXSourcesBuildPhase;
			buildActionMask = 2147483647;
			files = (
				2C5521D829737006007BA86A /* AppImages.swift in Sources */,
				2C5521DC2973728D007BA86A /* FTButton.swift in Sources */,
				2CDD54F029739CB8000EF4BB /* BusinessListVC.swift in Sources */,
				2CDD54F429739D20000EF4BB /* FTProfileImageView.swift in Sources */,
				2C2B6BB02973949B00667CB8 /* String.swift in Sources */,
				2C5521EE297378B0007BA86A /* FTBodyLabel.swift in Sources */,
				2C5521E2297374ED007BA86A /* UIViewController.swift in Sources */,
				2CDD54FE2973AAF0000EF4BB /* FTTabBar.swift in Sources */,
				2CDD54F629739D47000EF4BB /* ImageDataService.swift in Sources */,
				2C5521F4297383FE007BA86A /* ApiConstants.swift in Sources */,
				2C5521F929738970007BA86A /* Business.swift in Sources */,
				2C5521F729738947007BA86A /* RawServerResponse.swift in Sources */,
				2C5945E029748EF500D29423 /* SFSymbols.swift in Sources */,
				2C5945DE2974845200D29423 /* BusinessInfoHeaderVC.swift in Sources */,
				2CC75D0429735FF900584F45 /* SearchVC.swift in Sources */,
				2CDD55012973AB38000EF4BB /* FavoriteListVC.swift in Sources */,
				2C5945DB297472BE00D29423 /* BusinessInfoVC.swift in Sources */,
				2CC75D2E2973682500584F45 /* UIColor.swift in Sources */,
				2C5521E8297376AD007BA86A /* FTAlertContainerView.swift in Sources */,
				2C5521E429737598007BA86A /* FTTextField.swift in Sources */,
				2C5521E0297374C6007BA86A /* UIResponder.swift in Sources */,
				2C5521DE2973747E007BA86A /* UIView.swift in Sources */,
				2CDD54FA2973A67B000EF4BB /* LoadableScreen.swift in Sources */,
				2CC75D0029735FF900584F45 /* AppDelegate.swift in Sources */,
				2C5521F2297383C5007BA86A /* BusinessDataService.swift in Sources */,
				2C5521EC2973777F007BA86A /* FTSecondaryTitleLabel.swift in Sources */,
				2CDD54FC2973A955000EF4BB /* FTEmptyStateView.swift in Sources */,
				2C5521EA29737730007BA86A /* FTPrimaryTitleLabel.swift in Sources */,
				2CDD54F229739CCF000EF4BB /* BusinessCell.swift in Sources */,
				2C5521E629737693007BA86A /* FTAlert.swift in Sources */,
				2CDD54F82973A49A000EF4BB /* UIHelper.swift in Sources */,
				2C5945E22974964800D29423 /* Double.swift in Sources */,
				2CC75D0229735FF900584F45 /* SceneDelegate.swift in Sources */,
			);
			runOnlyForDeploymentPostprocessing = 0;
		};
/* End PBXSourcesBuildPhase section */

/* Begin PBXVariantGroup section */
		2CC75D0A29735FFB00584F45 /* LaunchScreen.storyboard */ = {
			isa = PBXVariantGroup;
			children = (
				2CC75D0B29735FFB00584F45 /* Base */,
			);
			name = LaunchScreen.storyboard;
			sourceTree = "<group>";
		};
/* End PBXVariantGroup section */

/* Begin XCBuildConfiguration section */
		2CC75D0E29735FFB00584F45 /* Debug */ = {
			isa = XCBuildConfiguration;
			buildSettings = {
				ALWAYS_SEARCH_USER_PATHS = NO;
				CLANG_ANALYZER_NONNULL = YES;
				CLANG_ANALYZER_NUMBER_OBJECT_CONVERSION = YES_AGGRESSIVE;
				CLANG_CXX_LANGUAGE_STANDARD = "gnu++20";
				CLANG_ENABLE_MODULES = YES;
				CLANG_ENABLE_OBJC_ARC = YES;
				CLANG_ENABLE_OBJC_WEAK = YES;
				CLANG_WARN_BLOCK_CAPTURE_AUTORELEASING = YES;
				CLANG_WARN_BOOL_CONVERSION = YES;
				CLANG_WARN_COMMA = YES;
				CLANG_WARN_CONSTANT_CONVERSION = YES;
				CLANG_WARN_DEPRECATED_OBJC_IMPLEMENTATIONS = YES;
				CLANG_WARN_DIRECT_OBJC_ISA_USAGE = YES_ERROR;
				CLANG_WARN_DOCUMENTATION_COMMENTS = YES;
				CLANG_WARN_EMPTY_BODY = YES;
				CLANG_WARN_ENUM_CONVERSION = YES;
				CLANG_WARN_INFINITE_RECURSION = YES;
				CLANG_WARN_INT_CONVERSION = YES;
				CLANG_WARN_NON_LITERAL_NULL_CONVERSION = YES;
				CLANG_WARN_OBJC_IMPLICIT_RETAIN_SELF = YES;
				CLANG_WARN_OBJC_LITERAL_CONVERSION = YES;
				CLANG_WARN_OBJC_ROOT_CLASS = YES_ERROR;
				CLANG_WARN_QUOTED_INCLUDE_IN_FRAMEWORK_HEADER = YES;
				CLANG_WARN_RANGE_LOOP_ANALYSIS = YES;
				CLANG_WARN_STRICT_PROTOTYPES = YES;
				CLANG_WARN_SUSPICIOUS_MOVE = YES;
				CLANG_WARN_UNGUARDED_AVAILABILITY = YES_AGGRESSIVE;
				CLANG_WARN_UNREACHABLE_CODE = YES;
				CLANG_WARN__DUPLICATE_METHOD_MATCH = YES;
				COPY_PHASE_STRIP = NO;
				DEBUG_INFORMATION_FORMAT = dwarf;
				ENABLE_STRICT_OBJC_MSGSEND = YES;
				ENABLE_TESTABILITY = YES;
				GCC_C_LANGUAGE_STANDARD = gnu11;
				GCC_DYNAMIC_NO_PIC = NO;
				GCC_NO_COMMON_BLOCKS = YES;
				GCC_OPTIMIZATION_LEVEL = 0;
				GCC_PREPROCESSOR_DEFINITIONS = (
					"DEBUG=1",
					"$(inherited)",
				);
				GCC_WARN_64_TO_32_BIT_CONVERSION = YES;
				GCC_WARN_ABOUT_RETURN_TYPE = YES_ERROR;
				GCC_WARN_UNDECLARED_SELECTOR = YES;
				GCC_WARN_UNINITIALIZED_AUTOS = YES_AGGRESSIVE;
				GCC_WARN_UNUSED_FUNCTION = YES;
				GCC_WARN_UNUSED_VARIABLE = YES;
				IPHONEOS_DEPLOYMENT_TARGET = 16.2;
				MTL_ENABLE_DEBUG_INFO = INCLUDE_SOURCE;
				MTL_FAST_MATH = YES;
				ONLY_ACTIVE_ARCH = YES;
				SDKROOT = iphoneos;
				SWIFT_ACTIVE_COMPILATION_CONDITIONS = DEBUG;
				SWIFT_OPTIMIZATION_LEVEL = "-Onone";
			};
			name = Debug;
		};
		2CC75D0F29735FFB00584F45 /* Release */ = {
			isa = XCBuildConfiguration;
			buildSettings = {
				ALWAYS_SEARCH_USER_PATHS = NO;
				CLANG_ANALYZER_NONNULL = YES;
				CLANG_ANALYZER_NUMBER_OBJECT_CONVERSION = YES_AGGRESSIVE;
				CLANG_CXX_LANGUAGE_STANDARD = "gnu++20";
				CLANG_ENABLE_MODULES = YES;
				CLANG_ENABLE_OBJC_ARC = YES;
				CLANG_ENABLE_OBJC_WEAK = YES;
				CLANG_WARN_BLOCK_CAPTURE_AUTORELEASING = YES;
				CLANG_WARN_BOOL_CONVERSION = YES;
				CLANG_WARN_COMMA = YES;
				CLANG_WARN_CONSTANT_CONVERSION = YES;
				CLANG_WARN_DEPRECATED_OBJC_IMPLEMENTATIONS = YES;
				CLANG_WARN_DIRECT_OBJC_ISA_USAGE = YES_ERROR;
				CLANG_WARN_DOCUMENTATION_COMMENTS = YES;
				CLANG_WARN_EMPTY_BODY = YES;
				CLANG_WARN_ENUM_CONVERSION = YES;
				CLANG_WARN_INFINITE_RECURSION = YES;
				CLANG_WARN_INT_CONVERSION = YES;
				CLANG_WARN_NON_LITERAL_NULL_CONVERSION = YES;
				CLANG_WARN_OBJC_IMPLICIT_RETAIN_SELF = YES;
				CLANG_WARN_OBJC_LITERAL_CONVERSION = YES;
				CLANG_WARN_OBJC_ROOT_CLASS = YES_ERROR;
				CLANG_WARN_QUOTED_INCLUDE_IN_FRAMEWORK_HEADER = YES;
				CLANG_WARN_RANGE_LOOP_ANALYSIS = YES;
				CLANG_WARN_STRICT_PROTOTYPES = YES;
				CLANG_WARN_SUSPICIOUS_MOVE = YES;
				CLANG_WARN_UNGUARDED_AVAILABILITY = YES_AGGRESSIVE;
				CLANG_WARN_UNREACHABLE_CODE = YES;
				CLANG_WARN__DUPLICATE_METHOD_MATCH = YES;
				COPY_PHASE_STRIP = NO;
				DEBUG_INFORMATION_FORMAT = "dwarf-with-dsym";
				ENABLE_NS_ASSERTIONS = NO;
				ENABLE_STRICT_OBJC_MSGSEND = YES;
				GCC_C_LANGUAGE_STANDARD = gnu11;
				GCC_NO_COMMON_BLOCKS = YES;
				GCC_WARN_64_TO_32_BIT_CONVERSION = YES;
				GCC_WARN_ABOUT_RETURN_TYPE = YES_ERROR;
				GCC_WARN_UNDECLARED_SELECTOR = YES;
				GCC_WARN_UNINITIALIZED_AUTOS = YES_AGGRESSIVE;
				GCC_WARN_UNUSED_FUNCTION = YES;
				GCC_WARN_UNUSED_VARIABLE = YES;
				IPHONEOS_DEPLOYMENT_TARGET = 16.2;
				MTL_ENABLE_DEBUG_INFO = NO;
				MTL_FAST_MATH = YES;
				SDKROOT = iphoneos;
				SWIFT_COMPILATION_MODE = wholemodule;
				SWIFT_OPTIMIZATION_LEVEL = "-O";
				VALIDATE_PRODUCT = YES;
			};
			name = Release;
		};
		2CC75D1129735FFB00584F45 /* Debug */ = {
			isa = XCBuildConfiguration;
			buildSettings = {
				ASSETCATALOG_COMPILER_APPICON_NAME = AppIcon;
				ASSETCATALOG_COMPILER_GLOBAL_ACCENT_COLOR_NAME = AccentColor;
				CODE_SIGN_STYLE = Automatic;
				CURRENT_PROJECT_VERSION = 1;
				DEVELOPMENT_TEAM = 8R3P49X4ZM;
				GENERATE_INFOPLIST_FILE = YES;
				INFOPLIST_FILE = FlavorTrack/Info.plist;
				INFOPLIST_KEY_UIApplicationSupportsIndirectInputEvents = YES;
				INFOPLIST_KEY_UILaunchStoryboardName = LaunchScreen;
				INFOPLIST_KEY_UISupportedInterfaceOrientations = UIInterfaceOrientationPortrait;
				LD_RUNPATH_SEARCH_PATHS = (
					"$(inherited)",
					"@executable_path/Frameworks",
				);
				MARKETING_VERSION = 1.0;
				PRODUCT_BUNDLE_IDENTIFIER = joepham.FlavorTrack;
				PRODUCT_NAME = "$(TARGET_NAME)";
				SWIFT_EMIT_LOC_STRINGS = YES;
				SWIFT_VERSION = 5.0;
				TARGETED_DEVICE_FAMILY = "1,2";
			};
			name = Debug;
		};
		2CC75D1229735FFB00584F45 /* Release */ = {
			isa = XCBuildConfiguration;
			buildSettings = {
				ASSETCATALOG_COMPILER_APPICON_NAME = AppIcon;
				ASSETCATALOG_COMPILER_GLOBAL_ACCENT_COLOR_NAME = AccentColor;
				CODE_SIGN_STYLE = Automatic;
				CURRENT_PROJECT_VERSION = 1;
				DEVELOPMENT_TEAM = 8R3P49X4ZM;
				GENERATE_INFOPLIST_FILE = YES;
				INFOPLIST_FILE = FlavorTrack/Info.plist;
				INFOPLIST_KEY_UIApplicationSupportsIndirectInputEvents = YES;
				INFOPLIST_KEY_UILaunchStoryboardName = LaunchScreen;
				INFOPLIST_KEY_UISupportedInterfaceOrientations = UIInterfaceOrientationPortrait;
				LD_RUNPATH_SEARCH_PATHS = (
					"$(inherited)",
					"@executable_path/Frameworks",
				);
				MARKETING_VERSION = 1.0;
				PRODUCT_BUNDLE_IDENTIFIER = joepham.FlavorTrack;
				PRODUCT_NAME = "$(TARGET_NAME)";
				SWIFT_EMIT_LOC_STRINGS = YES;
				SWIFT_VERSION = 5.0;
				TARGETED_DEVICE_FAMILY = "1,2";
			};
			name = Release;
		};
/* End XCBuildConfiguration section */

/* Begin XCConfigurationList section */
		2CC75CF729735FF900584F45 /* Build configuration list for PBXProject "FlavorTrack" */ = {
			isa = XCConfigurationList;
			buildConfigurations = (
				2CC75D0E29735FFB00584F45 /* Debug */,
				2CC75D0F29735FFB00584F45 /* Release */,
			);
			defaultConfigurationIsVisible = 0;
			defaultConfigurationName = Release;
		};
		2CC75D1029735FFB00584F45 /* Build configuration list for PBXNativeTarget "FlavorTrack" */ = {
			isa = XCConfigurationList;
			buildConfigurations = (
				2CC75D1129735FFB00584F45 /* Debug */,
				2CC75D1229735FFB00584F45 /* Release */,
			);
			defaultConfigurationIsVisible = 0;
			defaultConfigurationName = Release;
		};
/* End XCConfigurationList section */
	};
	rootObject = 2CC75CF429735FF900584F45 /* Project object */;
}
